{
  "name": "seneca-promisified-core",
  "version": "0.6.10",
  "lockfileVersion": 1,
  "requires": true,
  "dependencies": {
    "any-promise": {
      "version": "1.3.0",
      "resolved": "https://registry.npmjs.org/any-promise/-/any-promise-1.3.0.tgz",
      "integrity": "sha1-q8av7tzqUugJzcA3au0845Y10X8="
    },
    "archy": {
      "version": "1.0.0",
      "resolved": "https://registry.npmjs.org/archy/-/archy-1.0.0.tgz",
      "integrity": "sha1-+cjBN1fMHde8N5rHeyxipcKGjEA=",
      "dev": true
    },
    "async": {
      "version": "1.5.2",
      "resolved": "https://registry.npmjs.org/async/-/async-1.5.2.tgz",
      "integrity": "sha1-7GphrlZIDAw8skHJVhjiCJL5Zyo=",
      "dev": true
    },
    "backoff": {
      "version": "2.3.0",
      "resolved": "https://registry.npmjs.org/backoff/-/backoff-2.3.0.tgz",
      "integrity": "sha1-7nx+OAk/kuRyhZ22NedlJFT8Ieo=",
      "dev": true
    },
    "boom": {
      "version": "2.10.1",
      "resolved": "https://registry.npmjs.org/boom/-/boom-2.10.1.tgz",
      "integrity": "sha1-OciRjO/1eZ+D+UkqhI9iWt0Mdm8=",
      "dev": true,
      "requires": {
        "hoek": "2.16.3"
      }
    },
    "connect": {
      "version": "3.4.1",
      "resolved": "https://registry.npmjs.org/connect/-/connect-3.4.1.tgz",
      "integrity": "sha1-ohNh0/QJnvdhzabcSpc7seuwo00=",
      "dev": true,
      "requires": {
        "debug": "2.2.0",
        "finalhandler": "0.4.1",
        "parseurl": "1.3.2",
        "utils-merge": "1.0.0"
      }
    },
    "core-util-is": {
      "version": "1.0.2",
      "resolved": "https://registry.npmjs.org/core-util-is/-/core-util-is-1.0.2.tgz",
      "integrity": "sha1-tf1UIgqivFq1eqtxQMlAdUUDwac=",
      "dev": true
    },
    "debug": {
      "version": "2.2.0",
      "resolved": "https://registry.npmjs.org/debug/-/debug-2.2.0.tgz",
      "integrity": "sha1-+HBX6ZWxofauaklgZkE3vFbwOdo=",
      "dev": true,
      "requires": {
        "ms": "0.7.1"
      }
    },
    "depd": {
      "version": "1.1.2",
      "resolved": "https://registry.npmjs.org/depd/-/depd-1.1.2.tgz",
      "integrity": "sha1-m81S4UwJd2PnSbJ0xDRu0uVgtak=",
      "dev": true
    },
    "destroy": {
      "version": "1.0.4",
      "resolved": "https://registry.npmjs.org/destroy/-/destroy-1.0.4.tgz",
      "integrity": "sha1-l4hXRCxEdJ5CBmE+N5RiBYJqvYA=",
      "dev": true
    },
    "ee-first": {
      "version": "1.1.1",
      "resolved": "https://registry.npmjs.org/ee-first/-/ee-first-1.1.1.tgz",
      "integrity": "sha1-WQxhFWsK4vTwJVcyoViyZrxWsh0=",
      "dev": true
    },
    "eraro": {
      "version": "0.4.1",
      "resolved": "https://registry.npmjs.org/eraro/-/eraro-0.4.1.tgz",
      "integrity": "sha1-ZThzB2mh6J/8Pwx+LJTVofhmYp0=",
      "dev": true,
      "requires": {
        "lodash": "2.4.2"
      },
      "dependencies": {
        "lodash": {
          "version": "2.4.2",
          "resolved": "https://registry.npmjs.org/lodash/-/lodash-2.4.2.tgz",
          "integrity": "sha1-+t2DS5aDBz2hebPq5tnA0VBT9z4=",
          "dev": true
        }
      }
    },
    "escape-html": {
      "version": "1.0.3",
      "resolved": "https://registry.npmjs.org/escape-html/-/escape-html-1.0.3.tgz",
      "integrity": "sha1-Aljq5NPQwJdN4cFpGI7wBR0dGYg=",
      "dev": true
    },
    "etag": {
      "version": "1.7.0",
      "resolved": "https://registry.npmjs.org/etag/-/etag-1.7.0.tgz",
      "integrity": "sha1-A9MLX2fdbmMtKUXTDWZScxo01dg=",
      "dev": true
    },
    "finalhandler": {
      "version": "0.4.1",
      "resolved": "https://registry.npmjs.org/finalhandler/-/finalhandler-0.4.1.tgz",
      "integrity": "sha1-haF8bFmpRxfSYtYSMNSw6+PUoU0=",
      "dev": true,
      "requires": {
        "debug": "2.2.0",
        "escape-html": "1.0.3",
        "on-finished": "2.3.0",
        "unpipe": "1.0.0"
      }
    },
    "fresh": {
      "version": "0.3.0",
      "resolved": "https://registry.npmjs.org/fresh/-/fresh-0.3.0.tgz",
      "integrity": "sha1-ZR+DjiJCTnVm3hYdg1jKoZn4PU8=",
      "dev": true
    },
    "gate-executor": {
      "version": "0.4.0",
      "resolved": "https://registry.npmjs.org/gate-executor/-/gate-executor-0.4.0.tgz",
      "integrity": "sha1-ReSue9dg/+8NiB/ZOttPf2x2kVI=",
      "dev": true,
      "requires": {
        "async": "1.5.2",
        "eraro": "0.4.1",
        "lodash": "4.0.0"
      },
      "dependencies": {
        "lodash": {
          "version": "4.0.0",
          "resolved": "https://registry.npmjs.org/lodash/-/lodash-4.0.0.tgz",
          "integrity": "sha1-msQ4RMWV4o0wEIt7pYNwM5WSLfw=",
          "dev": true
        }
      }
    },
    "gex": {
      "version": "0.2.2",
      "resolved": "https://registry.npmjs.org/gex/-/gex-0.2.2.tgz",
      "integrity": "sha1-LUCdJDCVlwjaVc9WKUxk9tiXNIc=",
      "dev": true,
      "requires": {
        "lodash": "3.10.0"
      },
      "dependencies": {
        "lodash": {
          "version": "3.10.0",
          "resolved": "https://registry.npmjs.org/lodash/-/lodash-3.10.0.tgz",
          "integrity": "sha1-k9UcZygopEFqEq9XIguoqHN+L7s=",
          "dev": true
        }
      }
    },
    "hoek": {
      "version": "2.16.3",
      "resolved": "https://registry.npmjs.org/hoek/-/hoek-2.16.3.tgz",
      "integrity": "sha1-ILt0A9POo5jpHcRxCo/xuCdKJe0=",
      "dev": true
    },
    "http-errors": {
      "version": "1.3.1",
      "resolved": "https://registry.npmjs.org/http-errors/-/http-errors-1.3.1.tgz",
      "integrity": "sha1-GX4izevUGYWF6GlO9nhhl7ke2UI=",
      "dev": true,
      "requires": {
        "inherits": "2.0.3",
        "statuses": "1.2.1"
      }
    },
    "inherits": {
      "version": "2.0.3",
      "resolved": "https://registry.npmjs.org/inherits/-/inherits-2.0.3.tgz",
      "integrity": "sha1-Yzwsg+PaQqUC9SRmAiSA9CCCYd4=",
      "dev": true
    },
    "isarray": {
      "version": "1.0.0",
      "resolved": "https://registry.npmjs.org/isarray/-/isarray-1.0.0.tgz",
      "integrity": "sha1-u5NdSFgsuhaMBoNJV6VKPgcSTxE=",
      "dev": true
    },
    "json-stringify-safe": {
      "version": "5.0.1",
      "resolved": "https://registry.npmjs.org/json-stringify-safe/-/json-stringify-safe-5.0.1.tgz",
      "integrity": "sha1-Epai1Y/UXxmg9s4B1lcB4sc1tus=",
      "dev": true
    },
    "jsonic": {
      "version": "0.2.2",
      "resolved": "https://registry.npmjs.org/jsonic/-/jsonic-0.2.2.tgz",
      "integrity": "sha1-Enu5nfTYIWUsSKI9AlzysW5hhJE=",
      "dev": true
    },
    "lodash": {
      "version": "4.5.0",
      "resolved": "https://registry.npmjs.org/lodash/-/lodash-4.5.0.tgz",
      "integrity": "sha1-IoSqBvWxNq29lUuQNRG2L8OdH1k=",
      "dev": true
    },
    "lru-cache": {
      "version": "4.0.0",
      "resolved": "https://registry.npmjs.org/lru-cache/-/lru-cache-4.0.0.tgz",
      "integrity": "sha1-tcvwFVbBaWb+vlTO7A+03JDfbCg=",
      "dev": true,
      "requires": {
        "pseudomap": "1.0.2",
        "yallist": "2.1.2"
      }
    },
    "methods": {
      "version": "1.1.2",
      "resolved": "https://registry.npmjs.org/methods/-/methods-1.1.2.tgz",
      "integrity": "sha1-VSmk1nZUE07cxSZmVoNbD4Ua/O4=",
      "dev": true
    },
    "mime": {
      "version": "1.3.4",
      "resolved": "https://registry.npmjs.org/mime/-/mime-1.3.4.tgz",
      "integrity": "sha1-EV+eO2s9rylZmDyzjxSaLUDrXVM=",
      "dev": true
    },
    "minimist": {
      "version": "1.2.0",
      "resolved": "https://registry.npmjs.org/minimist/-/minimist-1.2.0.tgz",
      "integrity": "sha1-o1AIsg9BOD7sH7kU9M1d95omQoQ=",
      "dev": true
    },
    "ms": {
      "version": "0.7.1",
      "resolved": "https://registry.npmjs.org/ms/-/ms-0.7.1.tgz",
      "integrity": "sha1-nNE8A62/8ltl7/3nzoZO6VIBcJg=",
      "dev": true
    },
    "mstring": {
      "version": "0.1.2",
      "resolved": "https://registry.npmjs.org/mstring/-/mstring-0.1.2.tgz",
      "integrity": "sha1-iiaLGy3q3h5Y5NHrpUhKn++vrwI=",
      "dev": true
    },
    "ndjson": {
      "version": "1.4.4",
      "resolved": "https://registry.npmjs.org/ndjson/-/ndjson-1.4.4.tgz",
      "integrity": "sha1-eCAmc24Uaf7m7qED6IVxM2xyw3E=",
      "dev": true,
      "requires": {
        "minimist": "1.2.0",
        "split2": "2.2.0",
        "through2": "2.0.3"
      }
    },
    "nid": {
      "version": "0.3.2",
      "resolved": "https://registry.npmjs.org/nid/-/nid-0.3.2.tgz",
      "integrity": "sha1-l3qTGO1cKjjt1mJj8+r9gUPyJRo=",
      "dev": true
    },
    "norma": {
      "version": "0.3.0",
      "resolved": "https://registry.npmjs.org/norma/-/norma-0.3.0.tgz",
      "integrity": "sha1-JyZcNBEBjDLJPucZ9pLPkN7Fq2Q=",
      "dev": true,
      "requires": {
        "eraro": "0.4.1",
        "lodash": "2.4.2"
      },
      "dependencies": {
        "lodash": {
          "version": "2.4.2",
          "resolved": "https://registry.npmjs.org/lodash/-/lodash-2.4.2.tgz",
          "integrity": "sha1-+t2DS5aDBz2hebPq5tnA0VBT9z4=",
          "dev": true
        }
      }
    },
    "on-finished": {
      "version": "2.3.0",
      "resolved": "https://registry.npmjs.org/on-finished/-/on-finished-2.3.0.tgz",
      "integrity": "sha1-IPEzZIGwg811M3mSoWlxqi2QaUc=",
      "dev": true,
      "requires": {
        "ee-first": "1.1.1"
      }
    },
    "parambulator": {
      "version": "1.5.2",
      "resolved": "https://registry.npmjs.org/parambulator/-/parambulator-1.5.2.tgz",
      "integrity": "sha1-cMr6sUVG0QA8xTveMy4vIFxc+J0=",
      "dev": true,
      "requires": {
        "gex": "0.2.2",
        "jsonic": "0.2.2",
        "lodash": "4.5.0"
      }
    },
    "parseurl": {
      "version": "1.3.2",
      "resolved": "https://registry.npmjs.org/parseurl/-/parseurl-1.3.2.tgz",
      "integrity": "sha1-/CidTtiZMRlGDBViUyYs3I3mW/M=",
      "dev": true
    },
    "patrun": {
      "version": "0.5.0",
      "resolved": "https://registry.npmjs.org/patrun/-/patrun-0.5.0.tgz",
      "integrity": "sha1-d6UfdzrEkxuzU/1B1Z3mR4/GEY0=",
      "dev": true,
      "requires": {
        "gex": "0.2.2",
        "lodash": "3.10.0"
      },
      "dependencies": {
        "lodash": {
          "version": "3.10.0",
          "resolved": "https://registry.npmjs.org/lodash/-/lodash-3.10.0.tgz",
          "integrity": "sha1-k9UcZygopEFqEq9XIguoqHN+L7s=",
          "dev": true
        }
      }
    },
    "process-nextick-args": {
      "version": "2.0.0",
      "resolved": "https://registry.npmjs.org/process-nextick-args/-/process-nextick-args-2.0.0.tgz",
      "integrity": "sha512-MtEC1TqN0EU5nephaJ4rAtThHtC86dNN9qCuEhtshvpVBkAW5ZO7BASN9REnF9eoXGcRub+pFuKEpOHE+HbEMw==",
      "dev": true
    },
    "pseudomap": {
      "version": "1.0.2",
      "resolved": "https://registry.npmjs.org/pseudomap/-/pseudomap-1.0.2.tgz",
      "integrity": "sha1-8FKijacOYYkX7wqKw0wa5aaChrM=",
      "dev": true
    },
    "qs": {
      "version": "5.2.0",
      "resolved": "https://registry.npmjs.org/qs/-/qs-5.2.0.tgz",
      "integrity": "sha1-qfMRQq9GjLcrJbMBNrokVoNJFr4=",
      "dev": true
    },
    "ramda": {
      "version": "0.20.1",
      "resolved": "https://registry.npmjs.org/ramda/-/ramda-0.20.1.tgz",
      "integrity": "sha1-yB6PteeLXv8iaTSe4ENBN7THRlE=",
      "dev": true
    },
    "range-parser": {
      "version": "1.0.3",
      "resolved": "https://registry.npmjs.org/range-parser/-/range-parser-1.0.3.tgz",
      "integrity": "sha1-aHKCNTXGkuLCoBA4Jq/YLC4P8XU=",
      "dev": true
    },
    "readable-stream": {
      "version": "2.3.6",
      "resolved": "https://registry.npmjs.org/readable-stream/-/readable-stream-2.3.6.tgz",
      "integrity": "sha512-tQtKA9WIAhBF3+VLAseyMqZeBjW0AHJoxOtYqSUZNJxauErmLbVm2FW1y+J/YA9dUrAC39ITejlZWhVIwawkKw==",
      "dev": true,
      "requires": {
        "core-util-is": "1.0.2",
        "inherits": "2.0.3",
        "isarray": "1.0.0",
        "process-nextick-args": "2.0.0",
        "safe-buffer": "5.1.2",
        "string_decoder": "1.1.1",
        "util-deprecate": "1.0.2"
      }
    },
    "reconnect-core": {
      "version": "1.1.0",
      "resolved": "https://registry.npmjs.org/reconnect-core/-/reconnect-core-1.1.0.tgz",
      "integrity": "sha1-W7Ngs1sZfqVT8JK2BXUzqkHyhow=",
      "dev": true,
      "requires": {
        "backoff": "2.3.0"
      }
    },
    "rolling-stats": {
      "version": "0.1.1",
      "resolved": "https://registry.npmjs.org/rolling-stats/-/rolling-stats-0.1.1.tgz",
      "integrity": "sha1-zVr3dKiJOzCmdIMvovSrqkeM/IA=",
      "dev": true
    },
    "safe-buffer": {
      "version": "5.1.2",
      "resolved": "https://registry.npmjs.org/safe-buffer/-/safe-buffer-5.1.2.tgz",
      "integrity": "sha512-Gd2UZBJDkXlY7GbJxfsE8/nvKkUEU1G38c1siN6QP6a9PT9MmHB8GnpscSmMJSoF8LOIrt8ud/wPtojys4G6+g==",
      "dev": true
    },
    "semver": {
      "version": "5.1.0",
      "resolved": "https://registry.npmjs.org/semver/-/semver-5.1.0.tgz",
      "integrity": "sha1-hfLPhVBGXE3wAM99hvawVBBqueU=",
      "dev": true
    },
    "send": {
      "version": "0.13.1",
      "resolved": "https://registry.npmjs.org/send/-/send-0.13.1.tgz",
      "integrity": "sha1-ow1fTILIqbrprQCh2bG9vm8Zntc=",
      "dev": true,
      "requires": {
        "debug": "2.2.0",
        "depd": "1.1.2",
        "destroy": "1.0.4",
        "escape-html": "1.0.3",
        "etag": "1.7.0",
        "fresh": "0.3.0",
        "http-errors": "1.3.1",
        "mime": "1.3.4",
        "ms": "0.7.1",
        "on-finished": "2.3.0",
        "range-parser": "1.0.3",
        "statuses": "1.2.1"
      }
    },
    "seneca": {
      "version": "2.1.0",
      "resolved": "https://registry.npmjs.org/seneca/-/seneca-2.1.0.tgz",
      "integrity": "sha1-QhPY/AGEAUsNPqR7XttzZ/aF2Zw=",
      "dev": true,
      "requires": {
        "archy": "1.0.0",
        "eraro": "0.4.1",
        "gate-executor": "0.4.0",
        "gex": "0.2.2",
        "jsonic": "0.2.2",
        "lodash": "4.5.0",
        "lru-cache": "4.0.0",
        "minimist": "1.2.0",
        "nid": "0.3.2",
        "norma": "0.3.0",
        "parambulator": "1.5.2",
        "patrun": "0.5.0",
        "rolling-stats": "0.1.1",
        "semver": "5.1.0",
        "seneca-basic": "0.4.0",
        "seneca-cluster": "0.0.1",
        "seneca-mem-store": "0.5.0",
        "seneca-parambulator": "0.2.0",
        "seneca-repl": "0.2.0",
        "seneca-transport": "1.2.0",
        "seneca-web": "0.7.1",
        "use-plugin": "0.3.1",
        "zig": "0.1.1"
      }
    },
    "seneca-basic": {
      "version": "0.4.0",
      "resolved": "https://registry.npmjs.org/seneca-basic/-/seneca-basic-0.4.0.tgz",
      "integrity": "sha1-NeFADmG+EOuQ33Pd4/laRTh7gzc=",
      "dev": true,
      "requires": {
        "async": "1.5.2",
        "lodash": "4.0.0",
        "nid": "0.3.2"
      },
      "dependencies": {
        "lodash": {
          "version": "4.0.0",
          "resolved": "https://registry.npmjs.org/lodash/-/lodash-4.0.0.tgz",
          "integrity": "sha1-msQ4RMWV4o0wEIt7pYNwM5WSLfw=",
          "dev": true
        }
      }
    },
    "seneca-cluster": {
      "version": "0.0.1",
      "resolved": "https://registry.npmjs.org/seneca-cluster/-/seneca-cluster-0.0.1.tgz",
      "integrity": "sha1-1qK0SCyLzUnM8Obhol+F70Cl9tM=",
      "dev": true,
      "requires": {
        "eraro": "0.4.1",
        "semver": "5.1.0"
      }
    },
    "seneca-entity": {
      "version": "0.0.1",
      "resolved": "https://registry.npmjs.org/seneca-entity/-/seneca-entity-0.0.1.tgz",
      "integrity": "sha1-GE0iUWZpOGOTZCVoNubRbbL49yk=",
      "dev": true,
      "requires": {
        "eraro": "0.4.1",
        "jsonic": "0.2.2",
        "lodash": "4.0.1"
      },
      "dependencies": {
        "lodash": {
          "version": "4.0.1",
          "resolved": "https://registry.npmjs.org/lodash/-/lodash-4.0.1.tgz",
          "integrity": "sha1-zYyQLJ4D8uac4+DkVtUFq4nrmPQ=",
          "dev": true
        }
      }
    },
    "seneca-mem-store": {
      "version": "0.5.0",
      "resolved": "https://registry.npmjs.org/seneca-mem-store/-/seneca-mem-store-0.5.0.tgz",
      "integrity": "sha1-LDgxkSMw+uMWI06prmiXNuB0Vzg=",
      "dev": true,
      "requires": {
        "lodash": "3.10.1"
      },
      "dependencies": {
        "lodash": {
          "version": "3.10.1",
          "resolved": "https://registry.npmjs.org/lodash/-/lodash-3.10.1.tgz",
          "integrity": "sha1-W/Rejkm6QYnhfUgnid/RW9FAt7Y=",
          "dev": true
        }
      }
    },
    "seneca-parambulator": {
      "version": "0.2.0",
      "resolved": "https://registry.npmjs.org/seneca-parambulator/-/seneca-parambulator-0.2.0.tgz",
      "integrity": "sha1-HiYmrpU5H4bW2WoKFYm4kHu6IQ4=",
      "dev": true,
      "requires": {
        "lodash": "4.5.0",
        "parambulator": "1.5.2"
      }
    },
    "seneca-repl": {
      "version": "0.2.0",
      "resolved": "https://registry.npmjs.org/seneca-repl/-/seneca-repl-0.2.0.tgz",
      "integrity": "sha1-fQdtEOshvax52aibm7kyhlQlSu4=",
      "dev": true,
      "requires": {
        "jsonic": "0.2.2",
        "lodash": "4.5.0"
      }
    },
    "seneca-transport": {
      "version": "1.2.0",
      "resolved": "https://registry.npmjs.org/seneca-transport/-/seneca-transport-1.2.0.tgz",
      "integrity": "sha1-A2fOuKjxV9ljfAqiKH+C9rJ6gao=",
      "dev": true,
      "requires": {
        "eraro": "0.4.1",
        "gex": "0.2.2",
        "jsonic": "0.2.2",
        "lodash": "4.5.1",
        "lru-cache": "3.2.0",
        "ndjson": "1.4.4",
        "nid": "0.3.2",
        "patrun": "0.5.0",
        "qs": "5.2.0",
        "reconnect-core": "1.1.0",
        "wreck": "6.3.0"
      },
      "dependencies": {
        "lodash": {
          "version": "4.5.1",
          "resolved": "https://registry.npmjs.org/lodash/-/lodash-4.5.1.tgz",
          "integrity": "sha1-gOigdMpfOJOmscELKmNkktcQwxY=",
          "dev": true
        },
        "lru-cache": {
          "version": "3.2.0",
          "resolved": "https://registry.npmjs.org/lru-cache/-/lru-cache-3.2.0.tgz",
          "integrity": "sha1-cXibO39Tmb7IVl3aOKow0qCX7+4=",
          "dev": true,
          "requires": {
            "pseudomap": "1.0.2"
          }
        }
      }
    },
    "seneca-web": {
      "version": "0.7.1",
      "resolved": "https://registry.npmjs.org/seneca-web/-/seneca-web-0.7.1.tgz",
      "integrity": "sha1-9pT4CtK7Rhj8a4VmcKG9zfTewH0=",
      "dev": true,
      "requires": {
        "async": "1.5.2",
        "connect": "3.4.1",
        "eraro": "0.4.1",
        "json-stringify-safe": "5.0.1",
        "lodash": "4.2.1",
        "methods": "1.1.2",
        "mstring": "0.1.2",
        "nid": "0.3.2",
        "norma": "0.3.0",
        "parambulator": "1.5.1",
        "rolling-stats": "0.1.1",
        "serve-static": "1.10.2"
      },
      "dependencies": {
        "gex": {
          "version": "0.2.0",
          "resolved": "https://registry.npmjs.org/gex/-/gex-0.2.0.tgz",
          "integrity": "sha1-5f9BdNZstlaq7bYk76LjV/YR5og=",
          "dev": true,
          "requires": {
            "lodash": "2.4.2"
          },
          "dependencies": {
            "lodash": {
              "version": "2.4.2",
              "resolved": "https://registry.npmjs.org/lodash/-/lodash-2.4.2.tgz",
              "integrity": "sha1-+t2DS5aDBz2hebPq5tnA0VBT9z4=",
              "dev": true
            }
          }
        },
        "jsonic": {
          "version": "0.2.0",
          "resolved": "https://registry.npmjs.org/jsonic/-/jsonic-0.2.0.tgz",
          "integrity": "sha1-fjpTlkLd8sS4DT+pEVwL+pN3xb0=",
          "dev": true
        },
        "lodash": {
          "version": "4.2.1",
          "resolved": "https://registry.npmjs.org/lodash/-/lodash-4.2.1.tgz",
          "integrity": "sha1-Fx/c+7ww1onFRM0YwFKfVt5sGqk=",
          "dev": true
        },
        "parambulator": {
          "version": "1.5.1",
          "resolved": "https://registry.npmjs.org/parambulator/-/parambulator-1.5.1.tgz",
          "integrity": "sha1-N8XQ5b+5JOJVg7JDMulPiIdiQsw=",
          "dev": true,
          "requires": {
            "gex": "0.2.0",
            "jsonic": "0.2.0",
            "lodash": "2.4.2"
          },
          "dependencies": {
            "lodash": {
              "version": "2.4.2",
              "resolved": "https://registry.npmjs.org/lodash/-/lodash-2.4.2.tgz",
              "integrity": "sha1-+t2DS5aDBz2hebPq5tnA0VBT9z4=",
              "dev": true
            }
          }
        }
      }
    },
    "serve-static": {
      "version": "1.10.2",
      "resolved": "https://registry.npmjs.org/serve-static/-/serve-static-1.10.2.tgz",
      "integrity": "sha1-/rgA0OciEk3QsAMzFgwW6cqovLM=",
      "dev": true,
      "requires": {
        "escape-html": "1.0.3",
        "parseurl": "1.3.2",
        "send": "0.13.1"
      }
    },
    "split2": {
      "version": "2.2.0",
      "resolved": "https://registry.npmjs.org/split2/-/split2-2.2.0.tgz",
      "integrity": "sha512-RAb22TG39LhI31MbreBgIuKiIKhVsawfTgEGqKHTK87aG+ul/PB8Sqoi3I7kVdRWiCfrKxK3uo4/YUkpNvhPbw==",
      "dev": true,
      "requires": {
        "through2": "2.0.3"
      }
    },
    "statuses": {
      "version": "1.2.1",
      "resolved": "https://registry.npmjs.org/statuses/-/statuses-1.2.1.tgz",
      "integrity": "sha1-3e1FzBglbVHtQK7BQkidXGECbSg=",
      "dev": true
    },
    "string_decoder": {
      "version": "1.1.1",
      "resolved": "https://registry.npmjs.org/string_decoder/-/string_decoder-1.1.1.tgz",
      "integrity": "sha512-n/ShnvDi6FHbbVfviro+WojiFzv+s8MPMHBczVePfUpDJLwoLT0ht1l4YwBCbi8pJAveEEdnkHyPyTP/mzRfwg==",
      "dev": true,
      "requires": {
        "safe-buffer": "5.1.2"
      }
    },
    "through2": {
      "version": "2.0.3",
      "resolved": "https://registry.npmjs.org/through2/-/through2-2.0.3.tgz",
      "integrity": "sha1-AARWmzfHx0ujnEPzzteNGtlBQL4=",
      "dev": true,
      "requires": {
        "readable-stream": "2.3.6",
        "xtend": "4.0.1"
      }
    },
    "unpipe": {
      "version": "1.0.0",
      "resolved": "https://registry.npmjs.org/unpipe/-/unpipe-1.0.0.tgz",
      "integrity": "sha1-sr9O6FFKrmFltIF4KdIbLvSZBOw=",
      "dev": true
    },
    "use-plugin": {
      "version": "0.3.1",
      "resolved": "https://registry.npmjs.org/use-plugin/-/use-plugin-0.3.1.tgz",
      "integrity": "sha1-XZafuZq1XOTxr5BsmXgjKnWJIa8=",
      "dev": true,
      "requires": {
        "eraro": "0.4.1",
        "lodash": "2.4.2",
        "nid": "0.3.2",
        "norma": "0.3.0"
      },
      "dependencies": {
        "lodash": {
          "version": "2.4.2",
          "resolved": "https://registry.npmjs.org/lodash/-/lodash-2.4.2.tgz",
          "integrity": "sha1-+t2DS5aDBz2hebPq5tnA0VBT9z4=",
          "dev": true
        }
      }
    },
    "util-deprecate": {
      "version": "1.0.2",
      "resolved": "https://registry.npmjs.org/util-deprecate/-/util-deprecate-1.0.2.tgz",
      "integrity": "sha1-RQ1Nyfpw3nMnYvvS1KKJgUGaDM8=",
      "dev": true
    },
    "utils-merge": {
      "version": "1.0.0",
      "resolved": "https://registry.npmjs.org/utils-merge/-/utils-merge-1.0.0.tgz",
      "integrity": "sha1-ApT7kiu5N1FTVBxPcJYjHyh8ivg=",
      "dev": true
    },
    "wreck": {
      "version": "6.3.0",
      "resolved": "https://registry.npmjs.org/wreck/-/wreck-6.3.0.tgz",
      "integrity": "sha1-oTaXafB7u2LWo3gzanhx/Hc8dAs=",
      "dev": true,
      "requires": {
        "boom": "2.10.1",
        "hoek": "2.16.3"
      }
    },
    "xtend": {
      "version": "4.0.1",
      "resolved": "https://registry.npmjs.org/xtend/-/xtend-4.0.1.tgz",
      "integrity": "sha1-pcbVMr5lbiPbgg77lDofBJmNY68=",
      "dev": true
    },
    "yallist": {
      "version": "2.1.2",
      "resolved": "https://registry.npmjs.org/yallist/-/yallist-2.1.2.tgz",
      "integrity": "sha1-HBH5IY8HYImkfdUS+TxmmaaoHVI=",
      "dev": true
    },
    "zig": {
      "version": "0.1.1",
      "resolved": "https://registry.npmjs.org/zig/-/zig-0.1.1.tgz",
      "integrity": "sha1-gBGFWUx9EzjxTD6/vgunTwuWnMs=",
      "dev": true,
      "requires": {
        "lodash": "2.4.2"
      },
      "dependencies": {
        "lodash": {
          "version": "2.4.2",
          "resolved": "https://registry.npmjs.org/lodash/-/lodash-2.4.2.tgz",
          "integrity": "sha1-+t2DS5aDBz2hebPq5tnA0VBT9z4=",
          "dev": true
        }
      }
    }
  }
}
